Microsoft Visual Studio Solution File, Format Version 12.00
# Visual Studio Version 17
VisualStudioVersion = 17.9.34407.89
MinimumVisualStudioVersion = 10.0.40219.1
Project("{FAE04EC0-301F-11D3-BF4B-00C04F79EFBC}") = "EnlightenmentApp.AppHost", "EnlightenmentApp.AppHost\EnlightenmentApp.AppHost.csproj", "{7693B4F5-789B-4341-94EA-0A6902D515A5}"
EndProject
Project("{9A19103F-16F7-4668-BE54-9A1E7A4F7556}") = "EnlightenmentApp.ServiceDefaults", "EnlightenmentApp.ServiceDefaults\EnlightenmentApp.ServiceDefaults.csproj", "{244DC31F-D99D-48C4-8409-0B0DDE74B721}"
EndProject
Global
	GlobalSection(SolutionConfigurationPlatforms) = preSolution
		Debug|Any CPU = Debug|Any CPU
		Release|Any CPU = Release|Any CPU
	EndGlobalSection
	GlobalSection(ProjectConfigurationPlatforms) = postSolution
		{7693B4F5-789B-4341-94EA-0A6902D515A5}.Debug|Any CPU.ActiveCfg = Debug|Any CPU
		{7693B4F5-789B-4341-94EA-0A6902D515A5}.Debug|Any CPU.Build.0 = Debug|Any CPU
		{7693B4F5-789B-4341-94EA-0A6902D515A5}.Release|Any CPU.ActiveCfg = Release|Any CPU
		{7693B4F5-789B-4341-94EA-0A6902D515A5}.Release|Any CPU.Build.0 = Release|Any CPU
		{244DC31F-D99D-48C4-8409-0B0DDE74B721}.Debug|Any CPU.ActiveCfg = Debug|Any CPU
		{244DC31F-D99D-48C4-8409-0B0DDE74B721}.Debug|Any CPU.Build.0 = Debug|Any CPU
		{244DC31F-D99D-48C4-8409-0B0DDE74B721}.Release|Any CPU.ActiveCfg = Release|Any CPU
		{244DC31F-D99D-48C4-8409-0B0DDE74B721}.Release|Any CPU.Build.0 = Release|Any CPU
	EndGlobalSection
	GlobalSection(SolutionProperties) = preSolution
		HideSolutionNode = FALSE
	EndGlobalSection
	GlobalSection(ExtensibilityGlobals) = postSolution
		SolutionGuid = {E98FBA68-D9C3-4D36-AD4A-62A6AF5D3D28}
	EndGlobalSection
EndGlobal
