Microsoft Visual Studio Solution File, Format Version 12.00
# Visual Studio Version 17
VisualStudioVersion = 17.9.34407.89
MinimumVisualStudioVersion = 10.0.40219.1
Project("{9A19103F-16F7-4668-BE54-9A1E7A4F7556}") = "EnlightenmentApp.AppHost", "EnlightenmentApp.AppHost\EnlightenmentApp.AppHost.csproj", "{7693B4F5-789B-4341-94EA-0A6902D515A5}"
EndProject
Project("{9A19103F-16F7-4668-BE54-9A1E7A4F7556}") = "EnlightenmentApp.ServiceDefaults", "EnlightenmentApp.ServiceDefaults\EnlightenmentApp.ServiceDefaults.csproj", "{244DC31F-D99D-48C4-8409-0B0DDE74B721}"
EndProject
Project("{9A19103F-16F7-4668-BE54-9A1E7A4F7556}") = "EnlightenmentApp.Shared", "EnlightenmentApp.Shared\EnlightenmentApp.Shared.csproj", "{6BBC0BF0-4FFE-4146-BFB3-A7920603D33C}"
EndProject
Project("{2150E333-8FDC-42A3-9474-1A3956D46DE8}") = "Solution Items", "Solution Items", "{926D4727-E626-447E-B2E8-A7EF8D018E96}"
	ProjectSection(SolutionItems) = preProject
		.editorconfig = .editorconfig
	EndProjectSection
EndProject
Project("{9A19103F-16F7-4668-BE54-9A1E7A4F7556}") = "EnlightenmentApp.API", "EnlightenmentApp.ModuleService\EnlightenmentApp.API\EnlightenmentApp.API.csproj", "{FADA617C-9DAC-445D-9CCC-8E8421639CD1}"
EndProject
Project("{9A19103F-16F7-4668-BE54-9A1E7A4F7556}") = "EnlightenmentApp.BLL", "EnlightenmentApp.ModuleService\EnlightenmentApp.BLL\EnlightenmentApp.BLL.csproj", "{2C920ABF-7A6F-4DE0-BF35-C11523C4E421}"
EndProject
Project("{9A19103F-16F7-4668-BE54-9A1E7A4F7556}") = "EnlightenmentApp.DAL", "EnlightenmentApp.ModuleService\EnlightenmentApp.DAL\EnlightenmentApp.DAL.csproj", "{CE8A13D2-5586-4D25-8EFC-D9A55200A7D7}"
EndProject
Project("{2150E333-8FDC-42A3-9474-1A3956D46DE8}") = "Tests", "Tests", "{B26C8CEF-AAF9-49C8-92F3-BD9EB38C70AE}"
EndProject
Project("{FAE04EC0-301F-11D3-BF4B-00C04F79EFBC}") = "EnlightenmentApp.DAL.Tests", "EnlightenmentApp.ModuleService\Tests\EnlightenmentApp.DAL.Tests\EnlightenmentApp.DAL.Tests.csproj", "{99BBE1FC-818A-48CA-BD4A-E687293BAC2E}"
EndProject
Project("{FAE04EC0-301F-11D3-BF4B-00C04F79EFBC}") = "EnlightenmentApp.BLL.Tests", "EnlightenmentApp.ModuleService\Tests\EnlightenmentApp.BLL.Tests\EnlightenmentApp.BLL.Tests.csproj", "{7D5DDD9E-2762-43C3-A522-5DF7DD2AA90A}"
EndProject
Project("{FAE04EC0-301F-11D3-BF4B-00C04F79EFBC}") = "EnlightenmentApp.API.Tests", "EnlightenmentApp.ModuleService\Tests\EnlightenmentApp.API.Tests\EnlightenmentApp.API.Tests.csproj", "{E0B1E162-DB16-491E-8D48-591EB46DD63E}"
EndProject
Global
	GlobalSection(SolutionConfigurationPlatforms) = preSolution
		Debug|Any CPU = Debug|Any CPU
		Release|Any CPU = Release|Any CPU
	EndGlobalSection
	GlobalSection(ProjectConfigurationPlatforms) = postSolution
		{7693B4F5-789B-4341-94EA-0A6902D515A5}.Debug|Any CPU.ActiveCfg = Debug|Any CPU
		{7693B4F5-789B-4341-94EA-0A6902D515A5}.Debug|Any CPU.Build.0 = Debug|Any CPU
		{7693B4F5-789B-4341-94EA-0A6902D515A5}.Release|Any CPU.ActiveCfg = Release|Any CPU
		{7693B4F5-789B-4341-94EA-0A6902D515A5}.Release|Any CPU.Build.0 = Release|Any CPU
		{244DC31F-D99D-48C4-8409-0B0DDE74B721}.Debug|Any CPU.ActiveCfg = Debug|Any CPU
		{244DC31F-D99D-48C4-8409-0B0DDE74B721}.Debug|Any CPU.Build.0 = Debug|Any CPU
		{244DC31F-D99D-48C4-8409-0B0DDE74B721}.Release|Any CPU.ActiveCfg = Release|Any CPU
		{244DC31F-D99D-48C4-8409-0B0DDE74B721}.Release|Any CPU.Build.0 = Release|Any CPU
		{6BBC0BF0-4FFE-4146-BFB3-A7920603D33C}.Debug|Any CPU.ActiveCfg = Debug|Any CPU
		{6BBC0BF0-4FFE-4146-BFB3-A7920603D33C}.Debug|Any CPU.Build.0 = Debug|Any CPU
		{6BBC0BF0-4FFE-4146-BFB3-A7920603D33C}.Release|Any CPU.ActiveCfg = Release|Any CPU
		{6BBC0BF0-4FFE-4146-BFB3-A7920603D33C}.Release|Any CPU.Build.0 = Release|Any CPU
		{FADA617C-9DAC-445D-9CCC-8E8421639CD1}.Debug|Any CPU.ActiveCfg = Debug|Any CPU
		{FADA617C-9DAC-445D-9CCC-8E8421639CD1}.Debug|Any CPU.Build.0 = Debug|Any CPU
		{FADA617C-9DAC-445D-9CCC-8E8421639CD1}.Release|Any CPU.ActiveCfg = Release|Any CPU
		{FADA617C-9DAC-445D-9CCC-8E8421639CD1}.Release|Any CPU.Build.0 = Release|Any CPU
		{2C920ABF-7A6F-4DE0-BF35-C11523C4E421}.Debug|Any CPU.ActiveCfg = Debug|Any CPU
		{2C920ABF-7A6F-4DE0-BF35-C11523C4E421}.Debug|Any CPU.Build.0 = Debug|Any CPU
		{2C920ABF-7A6F-4DE0-BF35-C11523C4E421}.Release|Any CPU.ActiveCfg = Release|Any CPU
		{2C920ABF-7A6F-4DE0-BF35-C11523C4E421}.Release|Any CPU.Build.0 = Release|Any CPU
		{CE8A13D2-5586-4D25-8EFC-D9A55200A7D7}.Debug|Any CPU.ActiveCfg = Debug|Any CPU
		{CE8A13D2-5586-4D25-8EFC-D9A55200A7D7}.Debug|Any CPU.Build.0 = Debug|Any CPU
		{CE8A13D2-5586-4D25-8EFC-D9A55200A7D7}.Release|Any CPU.ActiveCfg = Release|Any CPU
		{CE8A13D2-5586-4D25-8EFC-D9A55200A7D7}.Release|Any CPU.Build.0 = Release|Any CPU
		{99BBE1FC-818A-48CA-BD4A-E687293BAC2E}.Debug|Any CPU.ActiveCfg = Debug|Any CPU
		{99BBE1FC-818A-48CA-BD4A-E687293BAC2E}.Debug|Any CPU.Build.0 = Debug|Any CPU
		{99BBE1FC-818A-48CA-BD4A-E687293BAC2E}.Release|Any CPU.ActiveCfg = Release|Any CPU
		{99BBE1FC-818A-48CA-BD4A-E687293BAC2E}.Release|Any CPU.Build.0 = Release|Any CPU
		{7D5DDD9E-2762-43C3-A522-5DF7DD2AA90A}.Debug|Any CPU.ActiveCfg = Debug|Any CPU
		{7D5DDD9E-2762-43C3-A522-5DF7DD2AA90A}.Debug|Any CPU.Build.0 = Debug|Any CPU
		{7D5DDD9E-2762-43C3-A522-5DF7DD2AA90A}.Release|Any CPU.ActiveCfg = Release|Any CPU
		{7D5DDD9E-2762-43C3-A522-5DF7DD2AA90A}.Release|Any CPU.Build.0 = Release|Any CPU
		{E0B1E162-DB16-491E-8D48-591EB46DD63E}.Debug|Any CPU.ActiveCfg = Debug|Any CPU
		{E0B1E162-DB16-491E-8D48-591EB46DD63E}.Debug|Any CPU.Build.0 = Debug|Any CPU
		{E0B1E162-DB16-491E-8D48-591EB46DD63E}.Release|Any CPU.ActiveCfg = Release|Any CPU
		{E0B1E162-DB16-491E-8D48-591EB46DD63E}.Release|Any CPU.Build.0 = Release|Any CPU
	EndGlobalSection
	GlobalSection(SolutionProperties) = preSolution
		HideSolutionNode = FALSE
	EndGlobalSection
	GlobalSection(NestedProjects) = preSolution
		{99BBE1FC-818A-48CA-BD4A-E687293BAC2E} = {B26C8CEF-AAF9-49C8-92F3-BD9EB38C70AE}
		{7D5DDD9E-2762-43C3-A522-5DF7DD2AA90A} = {B26C8CEF-AAF9-49C8-92F3-BD9EB38C70AE}
		{E0B1E162-DB16-491E-8D48-591EB46DD63E} = {B26C8CEF-AAF9-49C8-92F3-BD9EB38C70AE}
	EndGlobalSection
	GlobalSection(ExtensibilityGlobals) = postSolution
		SolutionGuid = {E98FBA68-D9C3-4D36-AD4A-62A6AF5D3D28}
	EndGlobalSection
EndGlobal
